
Microsoft Visual Studio Solution File, Format Version 12.00
# Visual Studio Version 16
VisualStudioVersion = 16.0.810.25
MinimumVisualStudioVersion = 10.0.40219.1
Project("{FAE04EC0-301F-11D3-BF4B-00C04F79EFBC}") = "BohannanGEDCOMConsole", "BohannanGEDCOMConsole\BohannanGEDCOMConsole.csproj", "{1A91279A-C725-4AAA-BF78-D4F6CC0331EE}"
EndProject
Project("{2150E333-8FDC-42A3-9474-1A3956D46DE8}") = "Solution Items", "Solution Items", "{E4F965A2-9CAD-4E15-BF7C-9EB861473C9B}"
	ProjectSection(SolutionItems) = preProject
		README.md = README.md
	EndProjectSection
EndProject
Global
	GlobalSection(SolutionConfigurationPlatforms) = preSolution
		Debug|Any CPU = Debug|Any CPU
		Release|Any CPU = Release|Any CPU
	EndGlobalSection
	GlobalSection(ProjectConfigurationPlatforms) = postSolution
		{1A91279A-C725-4AAA-BF78-D4F6CC0331EE}.Debug|Any CPU.ActiveCfg = Debug|Any CPU
		{1A91279A-C725-4AAA-BF78-D4F6CC0331EE}.Debug|Any CPU.Build.0 = Debug|Any CPU
		{1A91279A-C725-4AAA-BF78-D4F6CC0331EE}.Release|Any CPU.ActiveCfg = Release|Any CPU
		{1A91279A-C725-4AAA-BF78-D4F6CC0331EE}.Release|Any CPU.Build.0 = Release|Any CPU
	EndGlobalSection
	GlobalSection(SolutionProperties) = preSolution
		HideSolutionNode = FALSE
	EndGlobalSection
	GlobalSection(ExtensibilityGlobals) = postSolution
		SolutionGuid = {BFEC09C8-A3A3-40F9-A3A4-D275E61B336C}
	EndGlobalSection
EndGlobal
